
Microsoft Visual Studio Solution File, Format Version 12.00
# Visual Studio 15
Project("{FAE04EC0-301F-11D3-BF4B-00C04F79EFBC}") = "Assembly-CSharp", "Assembly-CSharp.csproj", "{EB8F0B66-F991-B10B-616C-1CB0E4EBE4C7}"
EndProject
Project("{FAE04EC0-301F-11D3-BF4B-00C04F79EFBC}") = "NavMeshComponents", "NavMeshComponents.csproj", "{35695D63-4065-1B38-0012-D69627C3E500}"
EndProject
Project("{FAE04EC0-301F-11D3-BF4B-00C04F79EFBC}") = "NavMeshComponentsEditor", "NavMeshComponentsEditor.csproj", "{992F7C3F-5FB9-D9E2-DCB9-1DC4EA14D5E1}"
EndProject
Global
	GlobalSection(SolutionConfigurationPlatforms) = preSolution
		Debug|Any CPU = Debug|Any CPU
		Release|Any CPU = Release|Any CPU
	EndGlobalSection
	GlobalSection(ProjectConfigurationPlatforms) = postSolution
		{EB8F0B66-F991-B10B-616C-1CB0E4EBE4C7}.Debug|Any CPU.ActiveCfg = Debug|Any CPU
		{EB8F0B66-F991-B10B-616C-1CB0E4EBE4C7}.Debug|Any CPU.Build.0 = Debug|Any CPU
		{EB8F0B66-F991-B10B-616C-1CB0E4EBE4C7}.Release|Any CPU.ActiveCfg = Release|Any CPU
		{EB8F0B66-F991-B10B-616C-1CB0E4EBE4C7}.Release|Any CPU.Build.0 = Release|Any CPU
		{35695D63-4065-1B38-0012-D69627C3E500}.Debug|Any CPU.ActiveCfg = Debug|Any CPU
		{35695D63-4065-1B38-0012-D69627C3E500}.Debug|Any CPU.Build.0 = Debug|Any CPU
		{35695D63-4065-1B38-0012-D69627C3E500}.Release|Any CPU.ActiveCfg = Release|Any CPU
		{35695D63-4065-1B38-0012-D69627C3E500}.Release|Any CPU.Build.0 = Release|Any CPU
		{992F7C3F-5FB9-D9E2-DCB9-1DC4EA14D5E1}.Debug|Any CPU.ActiveCfg = Debug|Any CPU
		{992F7C3F-5FB9-D9E2-DCB9-1DC4EA14D5E1}.Debug|Any CPU.Build.0 = Debug|Any CPU
		{992F7C3F-5FB9-D9E2-DCB9-1DC4EA14D5E1}.Release|Any CPU.ActiveCfg = Release|Any CPU
		{992F7C3F-5FB9-D9E2-DCB9-1DC4EA14D5E1}.Release|Any CPU.Build.0 = Release|Any CPU
	EndGlobalSection
	GlobalSection(SolutionProperties) = preSolution
		HideSolutionNode = FALSE
	EndGlobalSection
EndGlobal
